// !$*UTF8*$!
{
	archiveVersion = 1;
	classes = {
	};
	objectVersion = 56;
	objects = {

/* Begin PBXBuildFile section */
		0FA5DF4AE32F477A926A2E65 /* LocationService.swift in Sources */ = {isa = PBXBuildFile; fileRef = D649B8EC602E4A6781620BDC /* LocationService.swift */; };
		136549A6AAA94409B145B214 /* GoalSelectorView.swift in Sources */ = {isa = PBXBuildFile; fileRef = F6B881C7538F4F0790AD348F /* GoalSelectorView.swift */; };
		1B17554C17194FE4A4DF2D66 /* OnboardingHeroView.swift in Sources */ = {isa = PBXBuildFile; fileRef = DB52CB186DD84E06B5C6180F /* OnboardingHeroView.swift */; };
		396BD6D89E554C86B00D17C5 /* PaywallView.swift in Sources */ = {isa = PBXBuildFile; fileRef = 3F8FEF2F7B964ECD80CBBCCA /* PaywallView.swift */; };
		3B50A213D93241CA90810D44 /* ClaudeVisionService.swift in Sources */ = {isa = PBXBuildFile; fileRef = FC78349C392C46E18676E54E /* ClaudeVisionService.swift */; };
		3E101225FD354C9AB936D896 /* GlowCastApp.swift in Sources */ = {isa = PBXBuildFile; fileRef = 7FDC8F81F5B046C49C077B47 /* GlowCastApp.swift */; };
		5113CCA9398A4D7FA0836D5D /* HomeViewModel.swift in Sources */ = {isa = PBXBuildFile; fileRef = 906B88864533491A8D043FCB /* HomeViewModel.swift */; };
		51E8CB9F3D2F41A6968E14E1 /* SPFCalculatorView.swift in Sources */ = {isa = PBXBuildFile; fileRef = 5C4EAF59B9954C29AC3B3DAD /* SPFCalculatorView.swift */; };
		68453848878C4AC1A68D0260 /* NotificationService.swift in Sources */ = {isa = PBXBuildFile; fileRef = 87DF5A43B9044FFFA0A15476 /* NotificationService.swift */; };
		7355292C7257441F80606239 /* UVService.swift in Sources */ = {isa = PBXBuildFile; fileRef = 1C8A548D9FF348FD82A95EE9 /* UVService.swift */; };
		765A5A299B934AA2939DE761 /* NotificationsOptInView.swift in Sources */ = {isa = PBXBuildFile; fileRef = 1F5B686D386743468E867D2A /* NotificationsOptInView.swift */; };
		88FD7C320B3D45CEA3A232B1 /* Assets.xcassets in Resources */ = {isa = PBXBuildFile; fileRef = D30F9DC369604FB0AE541A81 /* Assets.xcassets */; };
		8A2B980C8684470FAAB924BB /* TanSession.swift in Sources */ = {isa = PBXBuildFile; fileRef = B8C718B075EA49E883905FA2 /* TanSession.swift */; };
		9C713C0C8AFC424DAEC500DA /* OnboardingViewModel.swift in Sources */ = {isa = PBXBuildFile; fileRef = 50B40749E9EB4AD39FCC053F /* OnboardingViewModel.swift */; };
		A2185E46A84543D5B970E1DF /* HomeView.swift in Sources */ = {isa = PBXBuildFile; fileRef = 0B649DD0441D4169BFF9EF3F /* HomeView.swift */; };
		AF257DDC1DD0406FAA949F85 /* ForecastView.swift in Sources */ = {isa = PBXBuildFile; fileRef = 22E7B4F80BA54181B7A8F048 /* ForecastView.swift */; };
		B4B9EBC4EC014B0C8F140D4C /* MainDashboardView.swift in Sources */ = {isa = PBXBuildFile; fileRef = 26F615CD23224DE29594A873 /* MainDashboardView.swift */; };
		B83D5DC161364B3B9D3115B9 /* ScanResultView.swift in Sources */ = {isa = PBXBuildFile; fileRef = D4F96FD7511442568F751A6D /* ScanResultView.swift */; };
		BC0BC77516F64FBB9075E8F8 /* ContentView.swift in Sources */ = {isa = PBXBuildFile; fileRef = A4F5EEBCA5144A509E19B574 /* ContentView.swift */; };
		CCB76E9932DC40B5BA4369DF /* TanTimerView.swift in Sources */ = {isa = PBXBuildFile; fileRef = 610653823FA244D99DC5AF77 /* TanTimerView.swift */; };
		D35E7651752247F4A7E3B25F /* SkinScanView.swift in Sources */ = {isa = PBXBuildFile; fileRef = 09D326AD2E9F481F80D95D8F /* SkinScanView.swift */; };
		D95A9D3AB3A147D08F62C6A8 /* UVData.swift in Sources */ = {isa = PBXBuildFile; fileRef = 326E1D45C6BE4B8E839BA117 /* UVData.swift */; };
		E2911C241F134DE7BE040E6A /* Secrets.swift in Sources */ = {isa = PBXBuildFile; fileRef = 4C438710FC074F06A947551E /* Secrets.swift */; };
		E837DBB6D85B46CD9427B424 /* OnboardingView.swift in Sources */ = {isa = PBXBuildFile; fileRef = E59851BB9F3540878AB380C6 /* OnboardingView.swift */; };
		EEAA006529C64EF69D4D1ECA /* Colors.swift in Sources */ = {isa = PBXBuildFile; fileRef = 67114B60A7C8435D9751F2D6 /* Colors.swift */; };
		F51120D7539545F88812727A /* FitzpatrickType.swift in Sources */ = {isa = PBXBuildFile; fileRef = B44607F24771452E9085AE2F /* FitzpatrickType.swift */; };
		8D9F80D251F15B24ECBFABBB /* PremiumState.swift in Sources */ = {isa = PBXBuildFile; fileRef = BC906C9EEF066CE1CBC8B9D7 /* PremiumState.swift */; };
		6477F724F6AC898AE9D0BD4F /* SunExposureScore.swift in Sources */ = {isa = PBXBuildFile; fileRef = 8EE3F4699C56E7F3B25F30F9 /* SunExposureScore.swift */; };
/* End PBXBuildFile section */

/* Begin PBXFileReference section */
		09D326AD2E9F481F80D95D8F /* SkinScanView.swift */ = {isa = PBXFileReference; lastKnownFileType = sourcecode.swift; path = SkinScanView.swift; sourceTree = "<group>"; };
		0B649DD0441D4169BFF9EF3F /* HomeView.swift */ = {isa = PBXFileReference; lastKnownFileType = sourcecode.swift; path = HomeView.swift; sourceTree = "<group>"; };
		1C8A548D9FF348FD82A95EE9 /* UVService.swift */ = {isa = PBXFileReference; lastKnownFileType = sourcecode.swift; path = UVService.swift; sourceTree = "<group>"; };
		1F5B686D386743468E867D2A /* NotificationsOptInView.swift */ = {isa = PBXFileReference; lastKnownFileType = sourcecode.swift; path = NotificationsOptInView.swift; sourceTree = "<group>"; };
		22E7B4F80BA54181B7A8F048 /* ForecastView.swift */ = {isa = PBXFileReference; lastKnownFileType = sourcecode.swift; path = ForecastView.swift; sourceTree = "<group>"; };
		26F615CD23224DE29594A873 /* MainDashboardView.swift */ = {isa = PBXFileReference; lastKnownFileType = sourcecode.swift; path = MainDashboardView.swift; sourceTree = "<group>"; };
		326E1D45C6BE4B8E839BA117 /* UVData.swift */ = {isa = PBXFileReference; lastKnownFileType = sourcecode.swift; path = UVData.swift; sourceTree = "<group>"; };
		3F8FEF2F7B964ECD80CBBCCA /* PaywallView.swift */ = {isa = PBXFileReference; lastKnownFileType = sourcecode.swift; path = PaywallView.swift; sourceTree = "<group>"; };
		4C438710FC074F06A947551E /* Secrets.swift */ = {isa = PBXFileReference; lastKnownFileType = sourcecode.swift; path = Secrets.swift; sourceTree = "<group>"; };
		50B40749E9EB4AD39FCC053F /* OnboardingViewModel.swift */ = {isa = PBXFileReference; lastKnownFileType = sourcecode.swift; path = OnboardingViewModel.swift; sourceTree = "<group>"; };
		5C4EAF59B9954C29AC3B3DAD /* SPFCalculatorView.swift */ = {isa = PBXFileReference; lastKnownFileType = sourcecode.swift; path = SPFCalculatorView.swift; sourceTree = "<group>"; };
		610653823FA244D99DC5AF77 /* TanTimerView.swift */ = {isa = PBXFileReference; lastKnownFileType = sourcecode.swift; path = TanTimerView.swift; sourceTree = "<group>"; };
		67114B60A7C8435D9751F2D6 /* Colors.swift */ = {isa = PBXFileReference; lastKnownFileType = sourcecode.swift; path = Colors.swift; sourceTree = "<group>"; };
		7FDC8F81F5B046C49C077B47 /* GlowCastApp.swift */ = {isa = PBXFileReference; lastKnownFileType = sourcecode.swift; path = GlowCastApp.swift; sourceTree = "<group>"; };
		87DF5A43B9044FFFA0A15476 /* NotificationService.swift */ = {isa = PBXFileReference; lastKnownFileType = sourcecode.swift; path = NotificationService.swift; sourceTree = "<group>"; };
		906B88864533491A8D043FCB /* HomeViewModel.swift */ = {isa = PBXFileReference; lastKnownFileType = sourcecode.swift; path = HomeViewModel.swift; sourceTree = "<group>"; };
		A4F5EEBCA5144A509E19B574 /* ContentView.swift */ = {isa = PBXFileReference; lastKnownFileType = sourcecode.swift; path = ContentView.swift; sourceTree = "<group>"; };
		B44607F24771452E9085AE2F /* FitzpatrickType.swift */ = {isa = PBXFileReference; lastKnownFileType = sourcecode.swift; path = FitzpatrickType.swift; sourceTree = "<group>"; };
		B8C718B075EA49E883905FA2 /* TanSession.swift */ = {isa = PBXFileReference; lastKnownFileType = sourcecode.swift; path = TanSession.swift; sourceTree = "<group>"; };
		BC906C9EEF066CE1CBC8B9D7 /* PremiumState.swift */ = {isa = PBXFileReference; lastKnownFileType = sourcecode.swift; path = PremiumState.swift; sourceTree = "<group>"; };
		8EE3F4699C56E7F3B25F30F9 /* SunExposureScore.swift */ = {isa = PBXFileReference; lastKnownFileType = sourcecode.swift; path = SunExposureScore.swift; sourceTree = "<group>"; };
		CBF8BD1D38CF4833B2969372 /* GlowCast.app */ = {isa = PBXFileReference; explicitFileType = wrapper.application; includeInIndex = 0; path = GlowCast.app; sourceTree = BUILT_PRODUCTS_DIR; };
		D30F9DC369604FB0AE541A81 /* Assets.xcassets */ = {isa = PBXFileReference; lastKnownFileType = folder.assetcatalog; path = Assets.xcassets; sourceTree = "<group>"; };
		D4F96FD7511442568F751A6D /* ScanResultView.swift */ = {isa = PBXFileReference; lastKnownFileType = sourcecode.swift; path = ScanResultView.swift; sourceTree = "<group>"; };
		D649B8EC602E4A6781620BDC /* LocationService.swift */ = {isa = PBXFileReference; lastKnownFileType = sourcecode.swift; path = LocationService.swift; sourceTree = "<group>"; };
		DB52CB186DD84E06B5C6180F /* OnboardingHeroView.swift */ = {isa = PBXFileReference; lastKnownFileType = sourcecode.swift; path = OnboardingHeroView.swift; sourceTree = "<group>"; };
		E59851BB9F3540878AB380C6 /* OnboardingView.swift */ = {isa = PBXFileReference; lastKnownFileType = sourcecode.swift; path = OnboardingView.swift; sourceTree = "<group>"; };
		F6B881C7538F4F0790AD348F /* GoalSelectorView.swift */ = {isa = PBXFileReference; lastKnownFileType = sourcecode.swift; path = GoalSelectorView.swift; sourceTree = "<group>"; };
		FC78349C392C46E18676E54E /* ClaudeVisionService.swift */ = {isa = PBXFileReference; lastKnownFileType = sourcecode.swift; path = ClaudeVisionService.swift; sourceTree = "<group>"; };
/* End PBXFileReference section */

/* Begin PBXFrameworksBuildPhase section */
		653909E0BA884CEC969A688F /* Frameworks */ = {
			isa = PBXFrameworksBuildPhase;
			buildActionMask = 2147483647;
			files = (
			);
			runOnlyForDeploymentPostprocessing = 0;
		};
/* End PBXFrameworksBuildPhase section */

/* Begin PBXGroup section */
		16268F54D77F47D1AC859EE5 /* SPF */ = {
			isa = PBXGroup;
			children = (
				5C4EAF59B9954C29AC3B3DAD /* SPFCalculatorView.swift */,
			);
			path = SPF;
			sourceTree = "<group>";
		};
		3244D68796B5454DA6E53DCF /* Products */ = {
			isa = PBXGroup;
			children = (
				CBF8BD1D38CF4833B2969372 /* GlowCast.app */,
			);
			name = Products;
			sourceTree = "<group>";
		};
		4E8F4CD785B848618B1B3F97 /* Config */ = {
			isa = PBXGroup;
			children = (
				4C438710FC074F06A947551E /* Secrets.swift */,
			);
			path = Config;
			sourceTree = "<group>";
		};
		66917F4CC4AD4349AF1A2AB7 /* GlowCast */ = {
			isa = PBXGroup;
			children = (
				B1D3A720F91A4A26875C3D64 /* GlowCast */,
				3244D68796B5454DA6E53DCF /* Products */,
			);
			name = GlowCast;
			sourceTree = "<group>";
		};
		6E21560CC19C4805A701495F /* Services */ = {
			isa = PBXGroup;
			children = (
				FC78349C392C46E18676E54E /* ClaudeVisionService.swift */,
				D649B8EC602E4A6781620BDC /* LocationService.swift */,
				87DF5A43B9044FFFA0A15476 /* NotificationService.swift */,
				1C8A548D9FF348FD82A95EE9 /* UVService.swift */,
			);
			path = Services;
			sourceTree = "<group>";
		};
		99009B7A9EFB4504B37F69CD /* Onboarding */ = {
			isa = PBXGroup;
			children = (
				F6B881C7538F4F0790AD348F /* GoalSelectorView.swift */,
				1F5B686D386743468E867D2A /* NotificationsOptInView.swift */,
				DB52CB186DD84E06B5C6180F /* OnboardingHeroView.swift */,
				E59851BB9F3540878AB380C6 /* OnboardingView.swift */,
				3F8FEF2F7B964ECD80CBBCCA /* PaywallView.swift */,
				D4F96FD7511442568F751A6D /* ScanResultView.swift */,
				09D326AD2E9F481F80D95D8F /* SkinScanView.swift */,
			);
			path = Onboarding;
			sourceTree = "<group>";
		};
		9E40A6ADFA7E4B89BC7D4FDC /* Models */ = {
			isa = PBXGroup;
			children = (
				B44607F24771452E9085AE2F /* FitzpatrickType.swift */,
				B8C718B075EA49E883905FA2 /* TanSession.swift */,
				326E1D45C6BE4B8E839BA117 /* UVData.swift */,
				BC906C9EEF066CE1CBC8B9D7 /* PremiumState.swift */,
				8EE3F4699C56E7F3B25F30F9 /* SunExposureScore.swift */,
			);
			path = Models;
			sourceTree = "<group>";
		};
		B1D3A720F91A4A26875C3D64 /* GlowCast */ = {
			isa = PBXGroup;
			children = (
				7FDC8F81F5B046C49C077B47 /* GlowCastApp.swift */,
				A4F5EEBCA5144A509E19B574 /* ContentView.swift */,
				D30F9DC369604FB0AE541A81 /* Assets.xcassets */,
				C72C4F4065594A7197ED7731 /* Design */,
				9E40A6ADFA7E4B89BC7D4FDC /* Models */,
				6E21560CC19C4805A701495F /* Services */,
				C5D6209A194C4C7CAFEAD92B /* ViewModels */,
				ECAB8B7376C3403E813F63BD /* Views */,
				4E8F4CD785B848618B1B3F97 /* Config */,
			);
			path = GlowCast;
			sourceTree = "<group>";
		};
		C5D6209A194C4C7CAFEAD92B /* ViewModels */ = {
			isa = PBXGroup;
			children = (
				906B88864533491A8D043FCB /* HomeViewModel.swift */,
				50B40749E9EB4AD39FCC053F /* OnboardingViewModel.swift */,
			);
			path = ViewModels;
			sourceTree = "<group>";
		};
		C72C4F4065594A7197ED7731 /* Design */ = {
			isa = PBXGroup;
			children = (
				67114B60A7C8435D9751F2D6 /* Colors.swift */,
			);
			path = Design;
			sourceTree = "<group>";
		};
		E73557EE75794023A95CF647 /* Forecast */ = {
			isa = PBXGroup;
			children = (
				22E7B4F80BA54181B7A8F048 /* ForecastView.swift */,
			);
			path = Forecast;
			sourceTree = "<group>";
		};
		EC055008EC6D4379BC918969 /* Home */ = {
			isa = PBXGroup;
			children = (
				0B649DD0441D4169BFF9EF3F /* HomeView.swift */,
				26F615CD23224DE29594A873 /* MainDashboardView.swift */,
				610653823FA244D99DC5AF77 /* TanTimerView.swift */,
			);
			path = Home;
			sourceTree = "<group>";
		};
		ECAB8B7376C3403E813F63BD /* Views */ = {
			isa = PBXGroup;
			children = (
				E73557EE75794023A95CF647 /* Forecast */,
				EC055008EC6D4379BC918969 /* Home */,
				99009B7A9EFB4504B37F69CD /* Onboarding */,
				16268F54D77F47D1AC859EE5 /* SPF */,
			);
			path = Views;
			sourceTree = "<group>";
		};
/* End PBXGroup section */

/* Begin PBXNativeTarget section */
		97070DDE84BA4831A58DD9E1 /* GlowCast */ = {
			isa = PBXNativeTarget;
			buildConfigurationList = 6A2E891A25284B86B0273E46 /* Build configuration list for PBXNativeTarget "GlowCast" */;
			buildPhases = (
				749FFA48A1A7455CB7154562 /* Sources */,
				653909E0BA884CEC969A688F /* Frameworks */,
				BB592A412F244732BF8EC46A /* Resources */,
			);
			buildRules = (
			);
			dependencies = (
			);
			name = GlowCast;
			productName = GlowCast;
			productReference = CBF8BD1D38CF4833B2969372 /* GlowCast.app */;
			productType = "com.apple.product-type.application";
		};
/* End PBXNativeTarget section */

/* Begin PBXProject section */
		80D2CEBFF564480E87D8DDD7 /* Project object */ = {
			isa = PBXProject;
			attributes = {
				BuildIndependentTargetsInParallel = 1;
				LastSwiftUpdateCheck = 1500;
				LastUpgradeCheck = 1500;
				TargetAttributes = {
					97070DDE84BA4831A58DD9E1 = {
						CreatedOnToolsVersion = 15.0;
					};
				};
			};
			buildConfigurationList = 29725A8FE53C4462B1EF2961 /* Build configuration list for PBXProject "GlowCast" */;
			compatibilityVersion = "Xcode 14.0";
			developmentRegion = en;
			hasScannedForEncodings = 0;
			knownRegions = (
				en,
				Base,
			);
			mainGroup = 66917F4CC4AD4349AF1A2AB7 /* GlowCast */;
			productRefGroup = 3244D68796B5454DA6E53DCF /* Products */;
			projectDirPath = "";
			projectRoot = "";
			targets = (
				97070DDE84BA4831A58DD9E1 /* GlowCast */,
			);
		};
/* End PBXProject section */

/* Begin PBXResourcesBuildPhase section */
		BB592A412F244732BF8EC46A /* Resources */ = {
			isa = PBXResourcesBuildPhase;
			buildActionMask = 2147483647;
			files = (
				88FD7C320B3D45CEA3A232B1 /* Assets.xcassets in Resources */,
			);
			runOnlyForDeploymentPostprocessing = 0;
		};
/* End PBXResourcesBuildPhase section */

/* Begin PBXSourcesBuildPhase section */
		749FFA48A1A7455CB7154562 /* Sources */ = {
			isa = PBXSourcesBuildPhase;
			buildActionMask = 2147483647;
			files = (
				3E101225FD354C9AB936D896 /* GlowCastApp.swift in Sources */,
				BC0BC77516F64FBB9075E8F8 /* ContentView.swift in Sources */,
				EEAA006529C64EF69D4D1ECA /* Colors.swift in Sources */,
				F51120D7539545F88812727A /* FitzpatrickType.swift in Sources */,
				8A2B980C8684470FAAB924BB /* TanSession.swift in Sources */,
				D95A9D3AB3A147D08F62C6A8 /* UVData.swift in Sources */,
				3B50A213D93241CA90810D44 /* ClaudeVisionService.swift in Sources */,
				0FA5DF4AE32F477A926A2E65 /* LocationService.swift in Sources */,
				68453848878C4AC1A68D0260 /* NotificationService.swift in Sources */,
				7355292C7257441F80606239 /* UVService.swift in Sources */,
				5113CCA9398A4D7FA0836D5D /* HomeViewModel.swift in Sources */,
				9C713C0C8AFC424DAEC500DA /* OnboardingViewModel.swift in Sources */,
				AF257DDC1DD0406FAA949F85 /* ForecastView.swift in Sources */,
				A2185E46A84543D5B970E1DF /* HomeView.swift in Sources */,
				B4B9EBC4EC014B0C8F140D4C /* MainDashboardView.swift in Sources */,
				CCB76E9932DC40B5BA4369DF /* TanTimerView.swift in Sources */,
				136549A6AAA94409B145B214 /* GoalSelectorView.swift in Sources */,
				765A5A299B934AA2939DE761 /* NotificationsOptInView.swift in Sources */,
				1B17554C17194FE4A4DF2D66 /* OnboardingHeroView.swift in Sources */,
				E837DBB6D85B46CD9427B424 /* OnboardingView.swift in Sources */,
				396BD6D89E554C86B00D17C5 /* PaywallView.swift in Sources */,
				B83D5DC161364B3B9D3115B9 /* ScanResultView.swift in Sources */,
				D35E7651752247F4A7E3B25F /* SkinScanView.swift in Sources */,
				51E8CB9F3D2F41A6968E14E1 /* SPFCalculatorView.swift in Sources */,
				E2911C241F134DE7BE040E6A /* Secrets.swift in Sources */,
				8D9F80D251F15B24ECBFABBB /* PremiumState.swift in Sources */,
				6477F724F6AC898AE9D0BD4F /* SunExposureScore.swift in Sources */,
			);
			runOnlyForDeploymentPostprocessing = 0;
		};
/* End PBXSourcesBuildPhase section */

/* Begin XCBuildConfiguration section */
		1FA94BE2D180499F8FBAA227 /* Release */ = {
			isa = XCBuildConfiguration;
			buildSettings = {
				ALWAYS_SEARCH_USER_PATHS = NO;
				CLANG_CXX_LANGUAGE_STANDARD = "gnu++20";
				CLANG_ENABLE_MODULES = YES;
				CLANG_ENABLE_OBJC_ARC = YES;
				COPY_PHASE_STRIP = NO;
				DEBUG_INFORMATION_FORMAT = "dwarf-with-dsym";
				ENABLE_NS_ASSERTIONS = NO;
				ENABLE_STRICT_OBJC_MSGSEND = YES;
				GCC_C_LANGUAGE_STANDARD = gnu17;
				GCC_NO_COMMON_BLOCKS = YES;
				MTL_ENABLE_DEBUG_INFO = NO;
				MTL_FAST_MATH = YES;
				SDKROOT = iphoneos;
				SWIFT_COMPILATION_MODE = wholemodule;
				SWIFT_OPTIMIZATION_LEVEL = "-O";
				VALIDATE_PRODUCT = YES;
			};
			name = Release;
		};
		48FEE7C7703C4DE5BB184085 /* Debug */ = {
			isa = XCBuildConfiguration;
			buildSettings = {
				ALWAYS_SEARCH_USER_PATHS = NO;
				CLANG_CXX_LANGUAGE_STANDARD = "gnu++20";
				CLANG_ENABLE_MODULES = YES;
				CLANG_ENABLE_OBJC_ARC = YES;
				COPY_PHASE_STRIP = NO;
				DEBUG_INFORMATION_FORMAT = dwarf;
				ENABLE_STRICT_OBJC_MSGSEND = YES;
				ENABLE_TESTABILITY = YES;
				GCC_C_LANGUAGE_STANDARD = gnu17;
				GCC_DYNAMIC_NO_PIC = NO;
				GCC_NO_COMMON_BLOCKS = YES;
				GCC_OPTIMIZATION_LEVEL = 0;
				GCC_PREPROCESSOR_DEFINITIONS = (
					"DEBUG=1",
					"$(inherited)",
				);
				MTL_ENABLE_DEBUG_INFO = INCLUDE_SOURCE;
				MTL_FAST_MATH = YES;
				ONLY_ACTIVE_ARCH = YES;
				SDKROOT = iphoneos;
				SWIFT_ACTIVE_COMPILATION_CONDITIONS = DEBUG;
				SWIFT_OPTIMIZATION_LEVEL = "-Onone";
			};
			name = Debug;
		};
		5CD0B117D5634F26AA962845 /* Release */ = {
			isa = XCBuildConfiguration;
			buildSettings = {
				ASSETCATALOG_COMPILER_APPICON_NAME = AppIcon;
				ASSETCATALOG_COMPILER_GLOBAL_ACCENT_COLOR_NAME = AccentColor;
				CODE_SIGN_STYLE = Automatic;
				CURRENT_PROJECT_VERSION = 1;
				DEVELOPMENT_TEAM = 3KGZBP5SVJ;
				GENERATE_INFOPLIST_FILE = YES;
				INFOPLIST_KEY_CFBundleDisplayName = "Glow Cast";
				INFOPLIST_KEY_LSApplicationCategoryType = "public.app-category.healthcare-fitness";
				INFOPLIST_KEY_NSCameraUsageDescription = "Used to scan your skin tone for personalized tanning recommendations.";
				INFOPLIST_KEY_NSLocationWhenInUseUsageDescription = "Used to fetch the UV index for your location.";
				INFOPLIST_KEY_UIApplicationSceneManifest_Generation = YES;
				INFOPLIST_KEY_UIApplicationSupportsIndirectInputEvents = YES;
				INFOPLIST_KEY_UILaunchScreen_Generation = YES;
				INFOPLIST_KEY_UISupportedInterfaceOrientations_iPhone = UIInterfaceOrientationPortrait;
				IPHONEOS_DEPLOYMENT_TARGET = 17.0;
				LE_SWIFT_VERSION = 5.0;
				MARKETING_VERSION = 1.0;
				PRODUCT_BUNDLE_IDENTIFIER = com.glowcast.app;
				PRODUCT_NAME = "$(TARGET_NAME)";
				SWIFT_EMIT_LOC_STRINGS = YES;
				SWIFT_VERSION = 5.0;
				TARGETED_DEVICE_FAMILY = "1,2";
			};
			name = Release;
		};
		F6AD7BEAF2894DDAB9A65945 /* Debug */ = {
			isa = XCBuildConfiguration;
			buildSettings = {
				ASSETCATALOG_COMPILER_APPICON_NAME = AppIcon;
				ASSETCATALOG_COMPILER_GLOBAL_ACCENT_COLOR_NAME = AccentColor;
				CODE_SIGN_STYLE = Automatic;
				CURRENT_PROJECT_VERSION = 1;
				DEVELOPMENT_TEAM = 3KGZBP5SVJ;
				GENERATE_INFOPLIST_FILE = YES;
				INFOPLIST_KEY_CFBundleDisplayName = "Glow Cast";
				INFOPLIST_KEY_LSApplicationCategoryType = "public.app-category.healthcare-fitness";
				INFOPLIST_KEY_NSCameraUsageDescription = "Used to scan your skin tone for personalized tanning recommendations.";
				INFOPLIST_KEY_NSLocationWhenInUseUsageDescription = "Used to fetch the UV index for your location.";
				INFOPLIST_KEY_UIApplicationSceneManifest_Generation = YES;
				INFOPLIST_KEY_UIApplicationSupportsIndirectInputEvents = YES;
				INFOPLIST_KEY_UILaunchScreen_Generation = YES;
				INFOPLIST_KEY_UISupportedInterfaceOrientations_iPhone = UIInterfaceOrientationPortrait;
				IPHONEOS_DEPLOYMENT_TARGET = 17.0;
				LE_SWIFT_VERSION = 5.0;
				MARKETING_VERSION = 1.0;
				PRODUCT_BUNDLE_IDENTIFIER = com.glowcast.app;
				PRODUCT_NAME = "$(TARGET_NAME)";
				SWIFT_EMIT_LOC_STRINGS = YES;
				SWIFT_VERSION = 5.0;
				TARGETED_DEVICE_FAMILY = "1,2";
			};
			name = Debug;
		};
/* End XCBuildConfiguration section */

/* Begin XCConfigurationList section */
		29725A8FE53C4462B1EF2961 /* Build configuration list for PBXProject "GlowCast" */ = {
			isa = XCConfigurationList;
			buildConfigurations = (
				48FEE7C7703C4DE5BB184085 /* Debug */,
				1FA94BE2D180499F8FBAA227 /* Release */,
			);
			defaultConfigurationIsVisible = 0;
			defaultConfigurationName = Release;
		};
		6A2E891A25284B86B0273E46 /* Build configuration list for PBXNativeTarget "GlowCast" */ = {
			isa = XCConfigurationList;
			buildConfigurations = (
				F6AD7BEAF2894DDAB9A65945 /* Debug */,
				5CD0B117D5634F26AA962845 /* Release */,
			);
			defaultConfigurationIsVisible = 0;
			defaultConfigurationName = Release;
		};
/* End XCConfigurationList section */
	};
	rootObject = 80D2CEBFF564480E87D8DDD7 /* Project object */;
}
